
Microsoft Visual Studio Solution File, Format Version 12.00
# Visual Studio Version 16
VisualStudioVersion = 16.0.31025.194
MinimumVisualStudioVersion = 10.0.40219.1
Project("{FAE04EC0-301F-11D3-BF4B-00C04F79EFBC}") = "Inversion", "Inversion\Inversion\Inversion.csproj", "{8C82F510-C5B6-4911-8217-E50E74627A37}"
EndProject
Project("{FAE04EC0-301F-11D3-BF4B-00C04F79EFBC}") = "Inversion.Simulator", "Inversion\Inversion.Simulator\Inversion.Simulator.csproj", "{2AB1AAB5-9B0D-4BD7-8FC5-AA8D434CA371}"
EndProject
Project("{FAE04EC0-301F-11D3-BF4B-00C04F79EFBC}") = "Inversion.Browser", "Inversion\Inversion.Browser\Inversion.Browser.csproj", "{00C57927-A815-4C65-915D-58FE28776841}"
EndProject
Project("{F2A71F9B-5D33-465A-A702-920D77279786}") = "Presentation", "Inversion\Presentation\Presentation.fsproj", "{B3761EDC-13BA-4E34-8323-98F77294E267}"
EndProject
Global
	GlobalSection(SolutionConfigurationPlatforms) = preSolution
		Debug|Any CPU = Debug|Any CPU
		Release|Any CPU = Release|Any CPU
	EndGlobalSection
	GlobalSection(ProjectConfigurationPlatforms) = postSolution
		{8C82F510-C5B6-4911-8217-E50E74627A37}.Debug|Any CPU.ActiveCfg = Debug|Any CPU
		{8C82F510-C5B6-4911-8217-E50E74627A37}.Debug|Any CPU.Build.0 = Debug|Any CPU
		{8C82F510-C5B6-4911-8217-E50E74627A37}.Release|Any CPU.ActiveCfg = Release|Any CPU
		{8C82F510-C5B6-4911-8217-E50E74627A37}.Release|Any CPU.Build.0 = Release|Any CPU
		{2AB1AAB5-9B0D-4BD7-8FC5-AA8D434CA371}.Debug|Any CPU.ActiveCfg = Debug|Any CPU
		{2AB1AAB5-9B0D-4BD7-8FC5-AA8D434CA371}.Debug|Any CPU.Build.0 = Debug|Any CPU
		{2AB1AAB5-9B0D-4BD7-8FC5-AA8D434CA371}.Release|Any CPU.ActiveCfg = Release|Any CPU
		{2AB1AAB5-9B0D-4BD7-8FC5-AA8D434CA371}.Release|Any CPU.Build.0 = Release|Any CPU
		{00C57927-A815-4C65-915D-58FE28776841}.Debug|Any CPU.ActiveCfg = Debug|Any CPU
		{00C57927-A815-4C65-915D-58FE28776841}.Debug|Any CPU.Build.0 = Debug|Any CPU
		{00C57927-A815-4C65-915D-58FE28776841}.Release|Any CPU.ActiveCfg = Release|Any CPU
		{00C57927-A815-4C65-915D-58FE28776841}.Release|Any CPU.Build.0 = Release|Any CPU
		{B3761EDC-13BA-4E34-8323-98F77294E267}.Debug|Any CPU.ActiveCfg = Debug|Any CPU
		{B3761EDC-13BA-4E34-8323-98F77294E267}.Debug|Any CPU.Build.0 = Debug|Any CPU
		{B3761EDC-13BA-4E34-8323-98F77294E267}.Release|Any CPU.ActiveCfg = Release|Any CPU
		{B3761EDC-13BA-4E34-8323-98F77294E267}.Release|Any CPU.Build.0 = Release|Any CPU
	EndGlobalSection
	GlobalSection(SolutionProperties) = preSolution
		HideSolutionNode = FALSE
	EndGlobalSection
	GlobalSection(ExtensibilityGlobals) = postSolution
		SolutionGuid = {302D9DB7-88F9-40E2-891A-236471C29481}
	EndGlobalSection
EndGlobal
