
Microsoft Visual Studio Solution File, Format Version 12.00
# Visual Studio Version 17
VisualStudioVersion = 17.8.34511.84
MinimumVisualStudioVersion = 10.0.40219.1
Project("{FAE04EC0-301F-11D3-BF4B-00C04F79EFBC}") = "astroclock.opensilver2._1.Browser", "astroclock.opensilver2.1\astroclock.opensilver2._1.Browser\astroclock.opensilver2._1.Browser.csproj", "{3D27484D-8B69-4423-8C02-9D470B26DFDD}"
EndProject
Project("{F2A71F9B-5D33-465A-A702-920D77279786}") = "astroclock.opensilver2._1", "astroclock.opensilver2.1\astroclock.opensilver2._1\astroclock.opensilver2._1.fsproj", "{8A97D4C5-F04C-4E99-859F-C82B9B701153}"
EndProject
Project("{FAE04EC0-301F-11D3-BF4B-00C04F79EFBC}") = "astroclock.opensilver2._1.Simulator", "astroclock.opensilver2.1\astroclock.opensilver2._1.Simulator\astroclock.opensilver2._1.Simulator.csproj", "{8AF705D7-6AEC-412D-BF20-48FDCEEB3203}"
EndProject
Global
	GlobalSection(SolutionConfigurationPlatforms) = preSolution
		Debug|Any CPU = Debug|Any CPU
		Release|Any CPU = Release|Any CPU
	EndGlobalSection
	GlobalSection(ProjectConfigurationPlatforms) = postSolution
		{3D27484D-8B69-4423-8C02-9D470B26DFDD}.Debug|Any CPU.ActiveCfg = Debug|Any CPU
		{3D27484D-8B69-4423-8C02-9D470B26DFDD}.Debug|Any CPU.Build.0 = Debug|Any CPU
		{3D27484D-8B69-4423-8C02-9D470B26DFDD}.Release|Any CPU.ActiveCfg = Release|Any CPU
		{3D27484D-8B69-4423-8C02-9D470B26DFDD}.Release|Any CPU.Build.0 = Release|Any CPU
		{8A97D4C5-F04C-4E99-859F-C82B9B701153}.Debug|Any CPU.ActiveCfg = Debug|Any CPU
		{8A97D4C5-F04C-4E99-859F-C82B9B701153}.Debug|Any CPU.Build.0 = Debug|Any CPU
		{8A97D4C5-F04C-4E99-859F-C82B9B701153}.Release|Any CPU.ActiveCfg = Release|Any CPU
		{8A97D4C5-F04C-4E99-859F-C82B9B701153}.Release|Any CPU.Build.0 = Release|Any CPU
		{8AF705D7-6AEC-412D-BF20-48FDCEEB3203}.Debug|Any CPU.ActiveCfg = Debug|Any CPU
		{8AF705D7-6AEC-412D-BF20-48FDCEEB3203}.Debug|Any CPU.Build.0 = Debug|Any CPU
		{8AF705D7-6AEC-412D-BF20-48FDCEEB3203}.Release|Any CPU.ActiveCfg = Release|Any CPU
		{8AF705D7-6AEC-412D-BF20-48FDCEEB3203}.Release|Any CPU.Build.0 = Release|Any CPU
	EndGlobalSection
	GlobalSection(SolutionProperties) = preSolution
		HideSolutionNode = FALSE
	EndGlobalSection
	GlobalSection(ExtensibilityGlobals) = postSolution
		SolutionGuid = {F8D1D6E0-585A-449A-9215-23A70C577E7E}
	EndGlobalSection
EndGlobal
