
Microsoft Visual Studio Solution File, Format Version 12.00
# Visual Studio Version 17
VisualStudioVersion = 17.7.34202.233
MinimumVisualStudioVersion = 10.0.40219.1
Project("{9A19103F-16F7-4668-BE54-9A1E7A4F7556}") = "Inversion.Browser", "Inversion\Inversion.Browser\Inversion.Browser.csproj", "{07A38367-E38F-4A0A-9BF8-D1EB6AAC3C52}"
EndProject
Project("{9A19103F-16F7-4668-BE54-9A1E7A4F7556}") = "Inversion", "Inversion\Inversion\Inversion.csproj", "{C00C911A-8553-4734-9E8C-D9666FC49064}"
EndProject
Project("{9A19103F-16F7-4668-BE54-9A1E7A4F7556}") = "Inversion.Simulator", "Inversion\Inversion.Simulator\Inversion.Simulator.csproj", "{129C6A30-CE4F-48CA-BFEB-0D51DBA57F41}"
EndProject
Project("{6EC3EE1D-3C4E-46DD-8F32-0CC8E7565705}") = "Presentation", "Inversion\Presentation\Presentation.fsproj", "{B2D47C3A-275A-4208-9D41-82DE40E531E5}"
EndProject
Project("{2150E333-8FDC-42A3-9474-1A3956D46DE8}") = "Others", "Others", "{3702A0E0-8AB0-4422-B205-1A3A0261212B}"
	ProjectSection(SolutionItems) = preProject
		.editorconfig = .editorconfig
		.fantomasignore = .fantomasignore
		global.json = global.json
		Nuget.Config = Nuget.Config
	EndProjectSection
EndProject
Global
	GlobalSection(SolutionConfigurationPlatforms) = preSolution
		Debug|Any CPU = Debug|Any CPU
		Release|Any CPU = Release|Any CPU
	EndGlobalSection
	GlobalSection(ProjectConfigurationPlatforms) = postSolution
		{07A38367-E38F-4A0A-9BF8-D1EB6AAC3C52}.Debug|Any CPU.ActiveCfg = Debug|Any CPU
		{07A38367-E38F-4A0A-9BF8-D1EB6AAC3C52}.Debug|Any CPU.Build.0 = Debug|Any CPU
		{07A38367-E38F-4A0A-9BF8-D1EB6AAC3C52}.Release|Any CPU.ActiveCfg = Release|Any CPU
		{07A38367-E38F-4A0A-9BF8-D1EB6AAC3C52}.Release|Any CPU.Build.0 = Release|Any CPU
		{C00C911A-8553-4734-9E8C-D9666FC49064}.Debug|Any CPU.ActiveCfg = Debug|Any CPU
		{C00C911A-8553-4734-9E8C-D9666FC49064}.Debug|Any CPU.Build.0 = Debug|Any CPU
		{C00C911A-8553-4734-9E8C-D9666FC49064}.Release|Any CPU.ActiveCfg = Release|Any CPU
		{C00C911A-8553-4734-9E8C-D9666FC49064}.Release|Any CPU.Build.0 = Release|Any CPU
		{129C6A30-CE4F-48CA-BFEB-0D51DBA57F41}.Debug|Any CPU.ActiveCfg = Debug|Any CPU
		{129C6A30-CE4F-48CA-BFEB-0D51DBA57F41}.Debug|Any CPU.Build.0 = Debug|Any CPU
		{129C6A30-CE4F-48CA-BFEB-0D51DBA57F41}.Release|Any CPU.ActiveCfg = Release|Any CPU
		{129C6A30-CE4F-48CA-BFEB-0D51DBA57F41}.Release|Any CPU.Build.0 = Release|Any CPU
		{B2D47C3A-275A-4208-9D41-82DE40E531E5}.Debug|Any CPU.ActiveCfg = Debug|Any CPU
		{B2D47C3A-275A-4208-9D41-82DE40E531E5}.Debug|Any CPU.Build.0 = Debug|Any CPU
		{B2D47C3A-275A-4208-9D41-82DE40E531E5}.Release|Any CPU.ActiveCfg = Release|Any CPU
		{B2D47C3A-275A-4208-9D41-82DE40E531E5}.Release|Any CPU.Build.0 = Release|Any CPU
	EndGlobalSection
	GlobalSection(SolutionProperties) = preSolution
		HideSolutionNode = FALSE
	EndGlobalSection
	GlobalSection(ExtensibilityGlobals) = postSolution
		SolutionGuid = {BA7D3A0D-92AA-4F0D-91BE-40F5A15752D5}
	EndGlobalSection
EndGlobal
